
Microsoft Visual Studio Solution File, Format Version 11.00
# Visual Studio 2010
Project("{8BC9CEB8-8B4A-11D0-8D11-00A0C91BC942}") = "KillDBG", "KillDBG\KillDBG.vcxproj", "{0DEF2324-A7D9-4BE3-B4C5-A211AA664FD0}"
	ProjectSection(ProjectDependencies) = postProject
		{1DAAF2B3-64C0-47DD-8BF9-5B40A6AAFF49} = {1DAAF2B3-64C0-47DD-8BF9-5B40A6AAFF49}
	EndProjectSection
EndProject
Project("{8BC9CEB8-8B4A-11D0-8D11-00A0C91BC942}") = "libasmx86", "3rdparty\libasmx86\libasmx86.vcxproj", "{1DAAF2B3-64C0-47DD-8BF9-5B40A6AAFF49}"
EndProject
Global
	GlobalSection(SolutionConfigurationPlatforms) = preSolution
		Debug|Win32 = Debug|Win32
		Release|Win32 = Release|Win32
	EndGlobalSection
	GlobalSection(ProjectConfigurationPlatforms) = postSolution
		{0DEF2324-A7D9-4BE3-B4C5-A211AA664FD0}.Debug|Win32.ActiveCfg = Debug|Win32
		{0DEF2324-A7D9-4BE3-B4C5-A211AA664FD0}.Debug|Win32.Build.0 = Debug|Win32
		{0DEF2324-A7D9-4BE3-B4C5-A211AA664FD0}.Release|Win32.ActiveCfg = Release|Win32
		{0DEF2324-A7D9-4BE3-B4C5-A211AA664FD0}.Release|Win32.Build.0 = Release|Win32
		{1DAAF2B3-64C0-47DD-8BF9-5B40A6AAFF49}.Debug|Win32.ActiveCfg = Debug|Win32
		{1DAAF2B3-64C0-47DD-8BF9-5B40A6AAFF49}.Debug|Win32.Build.0 = Debug|Win32
		{1DAAF2B3-64C0-47DD-8BF9-5B40A6AAFF49}.Release|Win32.ActiveCfg = Release|Win32
		{1DAAF2B3-64C0-47DD-8BF9-5B40A6AAFF49}.Release|Win32.Build.0 = Release|Win32
	EndGlobalSection
	GlobalSection(SolutionProperties) = preSolution
		HideSolutionNode = FALSE
	EndGlobalSection
EndGlobal
