<?xml version="1.0" encoding="utf-8"?>
<Project ToolsVersion="4.0" xmlns="http://schemas.microsoft.com/developer/msbuild/2003">
  <ItemGroup>
    <Filter Include="源文件">
      <UniqueIdentifier>{4FC737F1-C7A5-4376-A066-2A32D752A2FF}</UniqueIdentifier>
      <Extensions>cpp;c;cc;cxx;def;odl;idl;hpj;bat;asm;asmx</Extensions>
    </Filter>
    <Filter Include="头文件">
      <UniqueIdentifier>{93995380-89BD-4b04-88EB-625FBE52EBFB}</UniqueIdentifier>
      <Extensions>h;hpp;hxx;hm;inl;inc;xsd</Extensions>
    </Filter>
    <Filter Include="资源文件">
      <UniqueIdentifier>{67DA6AB6-F800-4c08-8B7A-83BB121AAD01}</UniqueIdentifier>
      <Extensions>rc;ico;cur;bmp;dlg;rc2;rct;bin;rgs;gif;jpg;jpeg;jpe;resx;tiff;tif;png;wav;mfcribbon-ms</Extensions>
    </Filter>
  </ItemGroup>
  <ItemGroup>
    <ClCompile Include="AttachProcessDlg.cpp">
      <Filter>源文件</Filter>
    </ClCompile>
    <ClCompile Include="ChildView.cpp">
      <Filter>源文件</Filter>
    </ClCompile>
    <ClCompile Include="FileOpenDlg.cpp">
      <Filter>源文件</Filter>
    </ClCompile>
    <ClCompile Include="KillDBG.cpp">
      <Filter>源文件</Filter>
    </ClCompile>
    <ClCompile Include="stdafx.cpp">
      <Filter>源文件</Filter>
    </ClCompile>
    <ClCompile Include="MainFrm.cpp">
      <Filter>源文件</Filter>
    </ClCompile>
    <ClCompile Include="DebugKernel.cpp">
      <Filter>源文件</Filter>
    </ClCompile>
    <ClCompile Include="DebugUtils.cpp">
      <Filter>源文件</Filter>
    </ClCompile>
    <ClCompile Include="AsmView.cpp">
      <Filter>源文件</Filter>
    </ClCompile>
    <ClCompile Include="x86Analysis.cpp">
      <Filter>源文件</Filter>
    </ClCompile>
    <ClCompile Include="FollowAddressDlg.cpp">
      <Filter>源文件</Filter>
    </ClCompile>
    <ClCompile Include="ModuleList.cpp">
      <Filter>源文件</Filter>
    </ClCompile>
    <ClCompile Include="BreakpointList.cpp">
      <Filter>源文件</Filter>
    </ClCompile>
    <ClCompile Include="AssemblyDlg.cpp">
      <Filter>源文件</Filter>
    </ClCompile>
    <ClCompile Include="RegisterWnd.cpp">
      <Filter>源文件</Filter>
    </ClCompile>
    <ClCompile Include="MemoryView.cpp">
      <Filter>源文件</Filter>
    </ClCompile>
    <ClCompile Include="ConfigDlg.cpp">
      <Filter>源文件</Filter>
    </ClCompile>
    <ClCompile Include="FontPropPage.cpp">
      <Filter>源文件</Filter>
    </ClCompile>
    <ClCompile Include="CustomFontDlg.cpp">
      <Filter>源文件</Filter>
    </ClCompile>
    <ClCompile Include="AppConfig.cpp">
      <Filter>源文件</Filter>
    </ClCompile>
    <ClCompile Include="StackView.cpp">
      <Filter>源文件</Filter>
    </ClCompile>
    <ClCompile Include="ScintillaWnd.cpp">
      <Filter>源文件</Filter>
    </ClCompile>
    <ClCompile Include="OutputWnd.cpp">
      <Filter>源文件</Filter>
    </ClCompile>
  </ItemGroup>
  <ItemGroup>
    <ClInclude Include="AttachProcessDlg.h">
      <Filter>头文件</Filter>
    </ClInclude>
    <ClInclude Include="ChildView.h">
      <Filter>头文件</Filter>
    </ClInclude>
    <ClInclude Include="FileOpenDlg.h">
      <Filter>头文件</Filter>
    </ClInclude>
    <ClInclude Include="KillDBG.h">
      <Filter>头文件</Filter>
    </ClInclude>
    <ClInclude Include="MainFrm.h">
      <Filter>头文件</Filter>
    </ClInclude>
    <ClInclude Include="resource.h">
      <Filter>头文件</Filter>
    </ClInclude>
    <ClInclude Include="stdafx.h">
      <Filter>头文件</Filter>
    </ClInclude>
    <ClInclude Include="DebugKernel.h">
      <Filter>头文件</Filter>
    </ClInclude>
    <ClInclude Include="DebugUtils.h">
      <Filter>头文件</Filter>
    </ClInclude>
    <ClInclude Include="AsmView.h">
      <Filter>头文件</Filter>
    </ClInclude>
    <ClInclude Include="x86Analysis.h">
      <Filter>头文件</Filter>
    </ClInclude>
    <ClInclude Include="FollowAddressDlg.h">
      <Filter>头文件</Filter>
    </ClInclude>
    <ClInclude Include="ModuleList.h">
      <Filter>头文件</Filter>
    </ClInclude>
    <ClInclude Include="BreakpointList.h">
      <Filter>头文件</Filter>
    </ClInclude>
    <ClInclude Include="AssemblyDlg.h">
      <Filter>头文件</Filter>
    </ClInclude>
    <ClInclude Include="RegisterWnd.h">
      <Filter>头文件</Filter>
    </ClInclude>
    <ClInclude Include="MemoryView.h">
      <Filter>头文件</Filter>
    </ClInclude>
    <ClInclude Include="ConfigDlg.h">
      <Filter>头文件</Filter>
    </ClInclude>
    <ClInclude Include="FontPropPage.h">
      <Filter>头文件</Filter>
    </ClInclude>
    <ClInclude Include="CustomFontDlg.h">
      <Filter>头文件</Filter>
    </ClInclude>
    <ClInclude Include="AppConfig.h">
      <Filter>头文件</Filter>
    </ClInclude>
    <ClInclude Include="StackView.h">
      <Filter>头文件</Filter>
    </ClInclude>
    <ClInclude Include="ScintillaWnd.h">
      <Filter>头文件</Filter>
    </ClInclude>
    <ClInclude Include="OutputWnd.h">
      <Filter>头文件</Filter>
    </ClInclude>
  </ItemGroup>
  <ItemGroup>
    <ResourceCompile Include="KillDBG.rc">
      <Filter>资源文件</Filter>
    </ResourceCompile>
  </ItemGroup>
  <ItemGroup>
    <Text Include="ReadMe.txt" />
  </ItemGroup>
  <ItemGroup>
    <Image Include="res\toolbar1.bmp">
      <Filter>资源文件</Filter>
    </Image>
    <Image Include="res\Toolbar.bmp">
      <Filter>资源文件</Filter>
    </Image>
    <Image Include="res\PaneIcons.bmp">
      <Filter>资源文件</Filter>
    </Image>
    <Image Include="res\KillDBG.ico">
      <Filter>资源文件</Filter>
    </Image>
  </ItemGroup>
</Project>